
Microsoft Visual Studio Solution File, Format Version 12.00
# Visual Studio 15
VisualStudioVersion = 15.0.27703.2000
MinimumVisualStudioVersion = 10.0.40219.1
Project("{FAE04EC0-301F-11D3-BF4B-00C04F79EFBC}") = "BindingDemo.Android", "BindingDemo\BindingDemo.Android\BindingDemo.Android.csproj", "{4BDC06AD-6138-4180-9BFC-D2CD170BA2F8}"
EndProject
Project("{FAE04EC0-301F-11D3-BF4B-00C04F79EFBC}") = "BindingDemo.iOS", "BindingDemo\BindingDemo.iOS\BindingDemo.iOS.csproj", "{AE722E87-DF18-486B-9A09-5E7F49C9B517}"
EndProject
Project("{FAE04EC0-301F-11D3-BF4B-00C04F79EFBC}") = "BindingDemo", "BindingDemo\BindingDemo\BindingDemo.csproj", "{A37117AA-9E45-425A-85AF-7151DAB4E8F6}"
EndProject
Global
	GlobalSection(SolutionConfigurationPlatforms) = preSolution
		Ad-Hoc|Any CPU = Ad-Hoc|Any CPU
		Ad-Hoc|iPhone = Ad-Hoc|iPhone
		Ad-Hoc|iPhoneSimulator = Ad-Hoc|iPhoneSimulator
		AppStore|Any CPU = AppStore|Any CPU
		AppStore|iPhone = AppStore|iPhone
		AppStore|iPhoneSimulator = AppStore|iPhoneSimulator
		Debug|Any CPU = Debug|Any CPU
		Debug|iPhone = Debug|iPhone
		Debug|iPhoneSimulator = Debug|iPhoneSimulator
		Release|Any CPU = Release|Any CPU
		Release|iPhone = Release|iPhone
		Release|iPhoneSimulator = Release|iPhoneSimulator
	EndGlobalSection
	GlobalSection(ProjectConfigurationPlatforms) = postSolution
		{4BDC06AD-6138-4180-9BFC-D2CD170BA2F8}.Ad-Hoc|Any CPU.ActiveCfg = Release|Any CPU
		{4BDC06AD-6138-4180-9BFC-D2CD170BA2F8}.Ad-Hoc|Any CPU.Build.0 = Release|Any CPU
		{4BDC06AD-6138-4180-9BFC-D2CD170BA2F8}.Ad-Hoc|Any CPU.Deploy.0 = Release|Any CPU
		{4BDC06AD-6138-4180-9BFC-D2CD170BA2F8}.Ad-Hoc|iPhone.ActiveCfg = Release|Any CPU
		{4BDC06AD-6138-4180-9BFC-D2CD170BA2F8}.Ad-Hoc|iPhone.Build.0 = Release|Any CPU
		{4BDC06AD-6138-4180-9BFC-D2CD170BA2F8}.Ad-Hoc|iPhone.Deploy.0 = Release|Any CPU
		{4BDC06AD-6138-4180-9BFC-D2CD170BA2F8}.Ad-Hoc|iPhoneSimulator.ActiveCfg = Release|Any CPU
		{4BDC06AD-6138-4180-9BFC-D2CD170BA2F8}.Ad-Hoc|iPhoneSimulator.Build.0 = Release|Any CPU
		{4BDC06AD-6138-4180-9BFC-D2CD170BA2F8}.Ad-Hoc|iPhoneSimulator.Deploy.0 = Release|Any CPU
		{4BDC06AD-6138-4180-9BFC-D2CD170BA2F8}.AppStore|Any CPU.ActiveCfg = Release|Any CPU
		{4BDC06AD-6138-4180-9BFC-D2CD170BA2F8}.AppStore|Any CPU.Build.0 = Release|Any CPU
		{4BDC06AD-6138-4180-9BFC-D2CD170BA2F8}.AppStore|Any CPU.Deploy.0 = Release|Any CPU
		{4BDC06AD-6138-4180-9BFC-D2CD170BA2F8}.AppStore|iPhone.ActiveCfg = Release|Any CPU
		{4BDC06AD-6138-4180-9BFC-D2CD170BA2F8}.AppStore|iPhone.Build.0 = Release|Any CPU
		{4BDC06AD-6138-4180-9BFC-D2CD170BA2F8}.AppStore|iPhone.Deploy.0 = Release|Any CPU
		{4BDC06AD-6138-4180-9BFC-D2CD170BA2F8}.AppStore|iPhoneSimulator.ActiveCfg = Release|Any CPU
		{4BDC06AD-6138-4180-9BFC-D2CD170BA2F8}.AppStore|iPhoneSimulator.Build.0 = Release|Any CPU
		{4BDC06AD-6138-4180-9BFC-D2CD170BA2F8}.AppStore|iPhoneSimulator.Deploy.0 = Release|Any CPU
		{4BDC06AD-6138-4180-9BFC-D2CD170BA2F8}.Debug|Any CPU.ActiveCfg = Debug|Any CPU
		{4BDC06AD-6138-4180-9BFC-D2CD170BA2F8}.Debug|Any CPU.Build.0 = Debug|Any CPU
		{4BDC06AD-6138-4180-9BFC-D2CD170BA2F8}.Debug|Any CPU.Deploy.0 = Debug|Any CPU
		{4BDC06AD-6138-4180-9BFC-D2CD170BA2F8}.Debug|iPhone.ActiveCfg = Debug|Any CPU
		{4BDC06AD-6138-4180-9BFC-D2CD170BA2F8}.Debug|iPhone.Build.0 = Debug|Any CPU
		{4BDC06AD-6138-4180-9BFC-D2CD170BA2F8}.Debug|iPhone.Deploy.0 = Debug|Any CPU
		{4BDC06AD-6138-4180-9BFC-D2CD170BA2F8}.Debug|iPhoneSimulator.ActiveCfg = Debug|Any CPU
		{4BDC06AD-6138-4180-9BFC-D2CD170BA2F8}.Debug|iPhoneSimulator.Build.0 = Debug|Any CPU
		{4BDC06AD-6138-4180-9BFC-D2CD170BA2F8}.Debug|iPhoneSimulator.Deploy.0 = Debug|Any CPU
		{4BDC06AD-6138-4180-9BFC-D2CD170BA2F8}.Release|Any CPU.ActiveCfg = Release|Any CPU
		{4BDC06AD-6138-4180-9BFC-D2CD170BA2F8}.Release|Any CPU.Build.0 = Release|Any CPU
		{4BDC06AD-6138-4180-9BFC-D2CD170BA2F8}.Release|Any CPU.Deploy.0 = Release|Any CPU
		{4BDC06AD-6138-4180-9BFC-D2CD170BA2F8}.Release|iPhone.ActiveCfg = Release|Any CPU
		{4BDC06AD-6138-4180-9BFC-D2CD170BA2F8}.Release|iPhone.Build.0 = Release|Any CPU
		{4BDC06AD-6138-4180-9BFC-D2CD170BA2F8}.Release|iPhone.Deploy.0 = Release|Any CPU
		{4BDC06AD-6138-4180-9BFC-D2CD170BA2F8}.Release|iPhoneSimulator.ActiveCfg = Release|Any CPU
		{4BDC06AD-6138-4180-9BFC-D2CD170BA2F8}.Release|iPhoneSimulator.Build.0 = Release|Any CPU
		{4BDC06AD-6138-4180-9BFC-D2CD170BA2F8}.Release|iPhoneSimulator.Deploy.0 = Release|Any CPU
		{AE722E87-DF18-486B-9A09-5E7F49C9B517}.Ad-Hoc|Any CPU.ActiveCfg = Ad-Hoc|iPhone
		{AE722E87-DF18-486B-9A09-5E7F49C9B517}.Ad-Hoc|Any CPU.Build.0 = Ad-Hoc|iPhone
		{AE722E87-DF18-486B-9A09-5E7F49C9B517}.Ad-Hoc|Any CPU.Deploy.0 = Ad-Hoc|iPhone
		{AE722E87-DF18-486B-9A09-5E7F49C9B517}.Ad-Hoc|iPhone.ActiveCfg = Ad-Hoc|iPhone
		{AE722E87-DF18-486B-9A09-5E7F49C9B517}.Ad-Hoc|iPhone.Build.0 = Ad-Hoc|iPhone
		{AE722E87-DF18-486B-9A09-5E7F49C9B517}.Ad-Hoc|iPhone.Deploy.0 = Ad-Hoc|iPhone
		{AE722E87-DF18-486B-9A09-5E7F49C9B517}.Ad-Hoc|iPhoneSimulator.ActiveCfg = Ad-Hoc|iPhoneSimulator
		{AE722E87-DF18-486B-9A09-5E7F49C9B517}.Ad-Hoc|iPhoneSimulator.Build.0 = Ad-Hoc|iPhoneSimulator
		{AE722E87-DF18-486B-9A09-5E7F49C9B517}.Ad-Hoc|iPhoneSimulator.Deploy.0 = Ad-Hoc|iPhoneSimulator
		{AE722E87-DF18-486B-9A09-5E7F49C9B517}.AppStore|Any CPU.ActiveCfg = AppStore|iPhone
		{AE722E87-DF18-486B-9A09-5E7F49C9B517}.AppStore|Any CPU.Build.0 = AppStore|iPhone
		{AE722E87-DF18-486B-9A09-5E7F49C9B517}.AppStore|Any CPU.Deploy.0 = AppStore|iPhone
		{AE722E87-DF18-486B-9A09-5E7F49C9B517}.AppStore|iPhone.ActiveCfg = AppStore|iPhone
		{AE722E87-DF18-486B-9A09-5E7F49C9B517}.AppStore|iPhone.Build.0 = AppStore|iPhone
		{AE722E87-DF18-486B-9A09-5E7F49C9B517}.AppStore|iPhone.Deploy.0 = AppStore|iPhone
		{AE722E87-DF18-486B-9A09-5E7F49C9B517}.AppStore|iPhoneSimulator.ActiveCfg = AppStore|iPhoneSimulator
		{AE722E87-DF18-486B-9A09-5E7F49C9B517}.AppStore|iPhoneSimulator.Build.0 = AppStore|iPhoneSimulator
		{AE722E87-DF18-486B-9A09-5E7F49C9B517}.AppStore|iPhoneSimulator.Deploy.0 = AppStore|iPhoneSimulator
		{AE722E87-DF18-486B-9A09-5E7F49C9B517}.Debug|Any CPU.ActiveCfg = Debug|iPhoneSimulator
		{AE722E87-DF18-486B-9A09-5E7F49C9B517}.Debug|Any CPU.Build.0 = Debug|iPhoneSimulator
		{AE722E87-DF18-486B-9A09-5E7F49C9B517}.Debug|Any CPU.Deploy.0 = Debug|iPhoneSimulator
		{AE722E87-DF18-486B-9A09-5E7F49C9B517}.Debug|iPhone.ActiveCfg = Debug|iPhone
		{AE722E87-DF18-486B-9A09-5E7F49C9B517}.Debug|iPhone.Build.0 = Debug|iPhone
		{AE722E87-DF18-486B-9A09-5E7F49C9B517}.Debug|iPhone.Deploy.0 = Debug|iPhone
		{AE722E87-DF18-486B-9A09-5E7F49C9B517}.Debug|iPhoneSimulator.ActiveCfg = Debug|iPhoneSimulator
		{AE722E87-DF18-486B-9A09-5E7F49C9B517}.Debug|iPhoneSimulator.Build.0 = Debug|iPhoneSimulator
		{AE722E87-DF18-486B-9A09-5E7F49C9B517}.Debug|iPhoneSimulator.Deploy.0 = Debug|iPhoneSimulator
		{AE722E87-DF18-486B-9A09-5E7F49C9B517}.Release|Any CPU.ActiveCfg = Release|iPhone
		{AE722E87-DF18-486B-9A09-5E7F49C9B517}.Release|Any CPU.Build.0 = Release|iPhone
		{AE722E87-DF18-486B-9A09-5E7F49C9B517}.Release|Any CPU.Deploy.0 = Release|iPhone
		{AE722E87-DF18-486B-9A09-5E7F49C9B517}.Release|iPhone.ActiveCfg = Release|iPhone
		{AE722E87-DF18-486B-9A09-5E7F49C9B517}.Release|iPhone.Build.0 = Release|iPhone
		{AE722E87-DF18-486B-9A09-5E7F49C9B517}.Release|iPhone.Deploy.0 = Release|iPhone
		{AE722E87-DF18-486B-9A09-5E7F49C9B517}.Release|iPhoneSimulator.ActiveCfg = Release|iPhoneSimulator
		{AE722E87-DF18-486B-9A09-5E7F49C9B517}.Release|iPhoneSimulator.Build.0 = Release|iPhoneSimulator
		{AE722E87-DF18-486B-9A09-5E7F49C9B517}.Release|iPhoneSimulator.Deploy.0 = Release|iPhoneSimulator
		{A37117AA-9E45-425A-85AF-7151DAB4E8F6}.Ad-Hoc|Any CPU.ActiveCfg = Debug|Any CPU
		{A37117AA-9E45-425A-85AF-7151DAB4E8F6}.Ad-Hoc|Any CPU.Build.0 = Debug|Any CPU
		{A37117AA-9E45-425A-85AF-7151DAB4E8F6}.Ad-Hoc|Any CPU.Deploy.0 = Debug|Any CPU
		{A37117AA-9E45-425A-85AF-7151DAB4E8F6}.Ad-Hoc|iPhone.ActiveCfg = Debug|Any CPU
		{A37117AA-9E45-425A-85AF-7151DAB4E8F6}.Ad-Hoc|iPhone.Build.0 = Debug|Any CPU
		{A37117AA-9E45-425A-85AF-7151DAB4E8F6}.Ad-Hoc|iPhone.Deploy.0 = Debug|Any CPU
		{A37117AA-9E45-425A-85AF-7151DAB4E8F6}.Ad-Hoc|iPhoneSimulator.ActiveCfg = Debug|Any CPU
		{A37117AA-9E45-425A-85AF-7151DAB4E8F6}.Ad-Hoc|iPhoneSimulator.Build.0 = Debug|Any CPU
		{A37117AA-9E45-425A-85AF-7151DAB4E8F6}.Ad-Hoc|iPhoneSimulator.Deploy.0 = Debug|Any CPU
		{A37117AA-9E45-425A-85AF-7151DAB4E8F6}.AppStore|Any CPU.ActiveCfg = Debug|Any CPU
		{A37117AA-9E45-425A-85AF-7151DAB4E8F6}.AppStore|Any CPU.Build.0 = Debug|Any CPU
		{A37117AA-9E45-425A-85AF-7151DAB4E8F6}.AppStore|Any CPU.Deploy.0 = Debug|Any CPU
		{A37117AA-9E45-425A-85AF-7151DAB4E8F6}.AppStore|iPhone.ActiveCfg = Debug|Any CPU
		{A37117AA-9E45-425A-85AF-7151DAB4E8F6}.AppStore|iPhone.Build.0 = Debug|Any CPU
		{A37117AA-9E45-425A-85AF-7151DAB4E8F6}.AppStore|iPhone.Deploy.0 = Debug|Any CPU
		{A37117AA-9E45-425A-85AF-7151DAB4E8F6}.AppStore|iPhoneSimulator.ActiveCfg = Debug|Any CPU
		{A37117AA-9E45-425A-85AF-7151DAB4E8F6}.AppStore|iPhoneSimulator.Build.0 = Debug|Any CPU
		{A37117AA-9E45-425A-85AF-7151DAB4E8F6}.AppStore|iPhoneSimulator.Deploy.0 = Debug|Any CPU
		{A37117AA-9E45-425A-85AF-7151DAB4E8F6}.Debug|Any CPU.ActiveCfg = Debug|Any CPU
		{A37117AA-9E45-425A-85AF-7151DAB4E8F6}.Debug|Any CPU.Build.0 = Debug|Any CPU
		{A37117AA-9E45-425A-85AF-7151DAB4E8F6}.Debug|Any CPU.Deploy.0 = Debug|Any CPU
		{A37117AA-9E45-425A-85AF-7151DAB4E8F6}.Debug|iPhone.ActiveCfg = Debug|Any CPU
		{A37117AA-9E45-425A-85AF-7151DAB4E8F6}.Debug|iPhone.Build.0 = Debug|Any CPU
		{A37117AA-9E45-425A-85AF-7151DAB4E8F6}.Debug|iPhone.Deploy.0 = Debug|Any CPU
		{A37117AA-9E45-425A-85AF-7151DAB4E8F6}.Debug|iPhoneSimulator.ActiveCfg = Debug|Any CPU
		{A37117AA-9E45-425A-85AF-7151DAB4E8F6}.Debug|iPhoneSimulator.Build.0 = Debug|Any CPU
		{A37117AA-9E45-425A-85AF-7151DAB4E8F6}.Debug|iPhoneSimulator.Deploy.0 = Debug|Any CPU
		{A37117AA-9E45-425A-85AF-7151DAB4E8F6}.Release|Any CPU.ActiveCfg = Release|Any CPU
		{A37117AA-9E45-425A-85AF-7151DAB4E8F6}.Release|Any CPU.Build.0 = Release|Any CPU
		{A37117AA-9E45-425A-85AF-7151DAB4E8F6}.Release|Any CPU.Deploy.0 = Release|Any CPU
		{A37117AA-9E45-425A-85AF-7151DAB4E8F6}.Release|iPhone.ActiveCfg = Release|Any CPU
		{A37117AA-9E45-425A-85AF-7151DAB4E8F6}.Release|iPhone.Build.0 = Release|Any CPU
		{A37117AA-9E45-425A-85AF-7151DAB4E8F6}.Release|iPhone.Deploy.0 = Release|Any CPU
		{A37117AA-9E45-425A-85AF-7151DAB4E8F6}.Release|iPhoneSimulator.ActiveCfg = Release|Any CPU
		{A37117AA-9E45-425A-85AF-7151DAB4E8F6}.Release|iPhoneSimulator.Build.0 = Release|Any CPU
		{A37117AA-9E45-425A-85AF-7151DAB4E8F6}.Release|iPhoneSimulator.Deploy.0 = Release|Any CPU
	EndGlobalSection
	GlobalSection(SolutionProperties) = preSolution
		HideSolutionNode = FALSE
	EndGlobalSection
	GlobalSection(ExtensibilityGlobals) = postSolution
		SolutionGuid = {D33A0BA7-0F04-4D25-912A-5813CB75102A}
	EndGlobalSection
EndGlobal
